
Microsoft Visual Studio Solution File, Format Version 12.00
# Visual Studio 14
VisualStudioVersion = 14.0.25420.1
MinimumVisualStudioVersion = 10.0.40219.1
Project("{FAE04EC0-301F-11D3-BF4B-00C04F79EFBC}") = "App1", "App1\App1\App1.csproj", "{9C2CF627-C6D6-43BB-9FAB-A3BAC65B71E6}"
EndProject
Project("{FAE04EC0-301F-11D3-BF4B-00C04F79EFBC}") = "App1.Droid", "App1\App1.Droid\App1.Droid.csproj", "{7B6ED35A-7116-48AB-A7D3-96E3CEF33BAF}"
EndProject
Project("{FAE04EC0-301F-11D3-BF4B-00C04F79EFBC}") = "App1.iOS", "App1\App1.iOS\App1.iOS.csproj", "{D47A2E5E-EF67-4697-986B-AFC5C808AA73}"
EndProject
Project("{2150E333-8FDC-42A3-9474-1A3956D46DE8}") = "devices", "devices", "{3970F019-A1D5-43E7-B883-32871E05D82A}"
EndProject
Global
	GlobalSection(SolutionConfigurationPlatforms) = preSolution
		Ad-Hoc|Any CPU = Ad-Hoc|Any CPU
		Ad-Hoc|ARM = Ad-Hoc|ARM
		Ad-Hoc|iPhone = Ad-Hoc|iPhone
		Ad-Hoc|iPhoneSimulator = Ad-Hoc|iPhoneSimulator
		Ad-Hoc|x64 = Ad-Hoc|x64
		Ad-Hoc|x86 = Ad-Hoc|x86
		AppStore|Any CPU = AppStore|Any CPU
		AppStore|ARM = AppStore|ARM
		AppStore|iPhone = AppStore|iPhone
		AppStore|iPhoneSimulator = AppStore|iPhoneSimulator
		AppStore|x64 = AppStore|x64
		AppStore|x86 = AppStore|x86
		Debug|Any CPU = Debug|Any CPU
		Debug|ARM = Debug|ARM
		Debug|iPhone = Debug|iPhone
		Debug|iPhoneSimulator = Debug|iPhoneSimulator
		Debug|x64 = Debug|x64
		Debug|x86 = Debug|x86
		Release|Any CPU = Release|Any CPU
		Release|ARM = Release|ARM
		Release|iPhone = Release|iPhone
		Release|iPhoneSimulator = Release|iPhoneSimulator
		Release|x64 = Release|x64
		Release|x86 = Release|x86
	EndGlobalSection
	GlobalSection(ProjectConfigurationPlatforms) = postSolution
		{9C2CF627-C6D6-43BB-9FAB-A3BAC65B71E6}.Ad-Hoc|Any CPU.ActiveCfg = Release|Any CPU
		{9C2CF627-C6D6-43BB-9FAB-A3BAC65B71E6}.Ad-Hoc|Any CPU.Build.0 = Release|Any CPU
		{9C2CF627-C6D6-43BB-9FAB-A3BAC65B71E6}.Ad-Hoc|ARM.ActiveCfg = Release|Any CPU
		{9C2CF627-C6D6-43BB-9FAB-A3BAC65B71E6}.Ad-Hoc|ARM.Build.0 = Release|Any CPU
		{9C2CF627-C6D6-43BB-9FAB-A3BAC65B71E6}.Ad-Hoc|iPhone.ActiveCfg = Release|Any CPU
		{9C2CF627-C6D6-43BB-9FAB-A3BAC65B71E6}.Ad-Hoc|iPhone.Build.0 = Release|Any CPU
		{9C2CF627-C6D6-43BB-9FAB-A3BAC65B71E6}.Ad-Hoc|iPhoneSimulator.ActiveCfg = Release|Any CPU
		{9C2CF627-C6D6-43BB-9FAB-A3BAC65B71E6}.Ad-Hoc|iPhoneSimulator.Build.0 = Release|Any CPU
		{9C2CF627-C6D6-43BB-9FAB-A3BAC65B71E6}.Ad-Hoc|x64.ActiveCfg = Release|Any CPU
		{9C2CF627-C6D6-43BB-9FAB-A3BAC65B71E6}.Ad-Hoc|x64.Build.0 = Release|Any CPU
		{9C2CF627-C6D6-43BB-9FAB-A3BAC65B71E6}.Ad-Hoc|x86.ActiveCfg = Release|Any CPU
		{9C2CF627-C6D6-43BB-9FAB-A3BAC65B71E6}.Ad-Hoc|x86.Build.0 = Release|Any CPU
		{9C2CF627-C6D6-43BB-9FAB-A3BAC65B71E6}.AppStore|Any CPU.ActiveCfg = Release|Any CPU
		{9C2CF627-C6D6-43BB-9FAB-A3BAC65B71E6}.AppStore|Any CPU.Build.0 = Release|Any CPU
		{9C2CF627-C6D6-43BB-9FAB-A3BAC65B71E6}.AppStore|ARM.ActiveCfg = Release|Any CPU
		{9C2CF627-C6D6-43BB-9FAB-A3BAC65B71E6}.AppStore|ARM.Build.0 = Release|Any CPU
		{9C2CF627-C6D6-43BB-9FAB-A3BAC65B71E6}.AppStore|iPhone.ActiveCfg = Release|Any CPU
		{9C2CF627-C6D6-43BB-9FAB-A3BAC65B71E6}.AppStore|iPhone.Build.0 = Release|Any CPU
		{9C2CF627-C6D6-43BB-9FAB-A3BAC65B71E6}.AppStore|iPhoneSimulator.ActiveCfg = Release|Any CPU
		{9C2CF627-C6D6-43BB-9FAB-A3BAC65B71E6}.AppStore|iPhoneSimulator.Build.0 = Release|Any CPU
		{9C2CF627-C6D6-43BB-9FAB-A3BAC65B71E6}.AppStore|x64.ActiveCfg = Release|Any CPU
		{9C2CF627-C6D6-43BB-9FAB-A3BAC65B71E6}.AppStore|x64.Build.0 = Release|Any CPU
		{9C2CF627-C6D6-43BB-9FAB-A3BAC65B71E6}.AppStore|x86.ActiveCfg = Release|Any CPU
		{9C2CF627-C6D6-43BB-9FAB-A3BAC65B71E6}.AppStore|x86.Build.0 = Release|Any CPU
		{9C2CF627-C6D6-43BB-9FAB-A3BAC65B71E6}.Debug|Any CPU.ActiveCfg = Debug|Any CPU
		{9C2CF627-C6D6-43BB-9FAB-A3BAC65B71E6}.Debug|Any CPU.Build.0 = Debug|Any CPU
		{9C2CF627-C6D6-43BB-9FAB-A3BAC65B71E6}.Debug|ARM.ActiveCfg = Debug|Any CPU
		{9C2CF627-C6D6-43BB-9FAB-A3BAC65B71E6}.Debug|ARM.Build.0 = Debug|Any CPU
		{9C2CF627-C6D6-43BB-9FAB-A3BAC65B71E6}.Debug|iPhone.ActiveCfg = Debug|Any CPU
		{9C2CF627-C6D6-43BB-9FAB-A3BAC65B71E6}.Debug|iPhone.Build.0 = Debug|Any CPU
		{9C2CF627-C6D6-43BB-9FAB-A3BAC65B71E6}.Debug|iPhoneSimulator.ActiveCfg = Debug|Any CPU
		{9C2CF627-C6D6-43BB-9FAB-A3BAC65B71E6}.Debug|iPhoneSimulator.Build.0 = Debug|Any CPU
		{9C2CF627-C6D6-43BB-9FAB-A3BAC65B71E6}.Debug|x64.ActiveCfg = Debug|Any CPU
		{9C2CF627-C6D6-43BB-9FAB-A3BAC65B71E6}.Debug|x64.Build.0 = Debug|Any CPU
		{9C2CF627-C6D6-43BB-9FAB-A3BAC65B71E6}.Debug|x86.ActiveCfg = Debug|Any CPU
		{9C2CF627-C6D6-43BB-9FAB-A3BAC65B71E6}.Debug|x86.Build.0 = Debug|Any CPU
		{9C2CF627-C6D6-43BB-9FAB-A3BAC65B71E6}.Release|Any CPU.ActiveCfg = Release|Any CPU
		{9C2CF627-C6D6-43BB-9FAB-A3BAC65B71E6}.Release|Any CPU.Build.0 = Release|Any CPU
		{9C2CF627-C6D6-43BB-9FAB-A3BAC65B71E6}.Release|ARM.ActiveCfg = Release|Any CPU
		{9C2CF627-C6D6-43BB-9FAB-A3BAC65B71E6}.Release|ARM.Build.0 = Release|Any CPU
		{9C2CF627-C6D6-43BB-9FAB-A3BAC65B71E6}.Release|iPhone.ActiveCfg = Release|Any CPU
		{9C2CF627-C6D6-43BB-9FAB-A3BAC65B71E6}.Release|iPhone.Build.0 = Release|Any CPU
		{9C2CF627-C6D6-43BB-9FAB-A3BAC65B71E6}.Release|iPhoneSimulator.ActiveCfg = Release|Any CPU
		{9C2CF627-C6D6-43BB-9FAB-A3BAC65B71E6}.Release|iPhoneSimulator.Build.0 = Release|Any CPU
		{9C2CF627-C6D6-43BB-9FAB-A3BAC65B71E6}.Release|x64.ActiveCfg = Release|Any CPU
		{9C2CF627-C6D6-43BB-9FAB-A3BAC65B71E6}.Release|x64.Build.0 = Release|Any CPU
		{9C2CF627-C6D6-43BB-9FAB-A3BAC65B71E6}.Release|x86.ActiveCfg = Release|Any CPU
		{9C2CF627-C6D6-43BB-9FAB-A3BAC65B71E6}.Release|x86.Build.0 = Release|Any CPU
		{7B6ED35A-7116-48AB-A7D3-96E3CEF33BAF}.Ad-Hoc|Any CPU.ActiveCfg = Release|Any CPU
		{7B6ED35A-7116-48AB-A7D3-96E3CEF33BAF}.Ad-Hoc|Any CPU.Build.0 = Release|Any CPU
		{7B6ED35A-7116-48AB-A7D3-96E3CEF33BAF}.Ad-Hoc|Any CPU.Deploy.0 = Release|Any CPU
		{7B6ED35A-7116-48AB-A7D3-96E3CEF33BAF}.Ad-Hoc|ARM.ActiveCfg = Release|Any CPU
		{7B6ED35A-7116-48AB-A7D3-96E3CEF33BAF}.Ad-Hoc|ARM.Build.0 = Release|Any CPU
		{7B6ED35A-7116-48AB-A7D3-96E3CEF33BAF}.Ad-Hoc|ARM.Deploy.0 = Release|Any CPU
		{7B6ED35A-7116-48AB-A7D3-96E3CEF33BAF}.Ad-Hoc|iPhone.ActiveCfg = Release|Any CPU
		{7B6ED35A-7116-48AB-A7D3-96E3CEF33BAF}.Ad-Hoc|iPhone.Build.0 = Release|Any CPU
		{7B6ED35A-7116-48AB-A7D3-96E3CEF33BAF}.Ad-Hoc|iPhone.Deploy.0 = Release|Any CPU
		{7B6ED35A-7116-48AB-A7D3-96E3CEF33BAF}.Ad-Hoc|iPhoneSimulator.ActiveCfg = Release|Any CPU
		{7B6ED35A-7116-48AB-A7D3-96E3CEF33BAF}.Ad-Hoc|iPhoneSimulator.Build.0 = Release|Any CPU
		{7B6ED35A-7116-48AB-A7D3-96E3CEF33BAF}.Ad-Hoc|iPhoneSimulator.Deploy.0 = Release|Any CPU
		{7B6ED35A-7116-48AB-A7D3-96E3CEF33BAF}.Ad-Hoc|x64.ActiveCfg = Release|Any CPU
		{7B6ED35A-7116-48AB-A7D3-96E3CEF33BAF}.Ad-Hoc|x64.Build.0 = Release|Any CPU
		{7B6ED35A-7116-48AB-A7D3-96E3CEF33BAF}.Ad-Hoc|x64.Deploy.0 = Release|Any CPU
		{7B6ED35A-7116-48AB-A7D3-96E3CEF33BAF}.Ad-Hoc|x86.ActiveCfg = Release|Any CPU
		{7B6ED35A-7116-48AB-A7D3-96E3CEF33BAF}.Ad-Hoc|x86.Build.0 = Release|Any CPU
		{7B6ED35A-7116-48AB-A7D3-96E3CEF33BAF}.Ad-Hoc|x86.Deploy.0 = Release|Any CPU
		{7B6ED35A-7116-48AB-A7D3-96E3CEF33BAF}.AppStore|Any CPU.ActiveCfg = Release|Any CPU
		{7B6ED35A-7116-48AB-A7D3-96E3CEF33BAF}.AppStore|Any CPU.Build.0 = Release|Any CPU
		{7B6ED35A-7116-48AB-A7D3-96E3CEF33BAF}.AppStore|Any CPU.Deploy.0 = Release|Any CPU
		{7B6ED35A-7116-48AB-A7D3-96E3CEF33BAF}.AppStore|ARM.ActiveCfg = Release|Any CPU
		{7B6ED35A-7116-48AB-A7D3-96E3CEF33BAF}.AppStore|ARM.Build.0 = Release|Any CPU
		{7B6ED35A-7116-48AB-A7D3-96E3CEF33BAF}.AppStore|ARM.Deploy.0 = Release|Any CPU
		{7B6ED35A-7116-48AB-A7D3-96E3CEF33BAF}.AppStore|iPhone.ActiveCfg = Release|Any CPU
		{7B6ED35A-7116-48AB-A7D3-96E3CEF33BAF}.AppStore|iPhone.Build.0 = Release|Any CPU
		{7B6ED35A-7116-48AB-A7D3-96E3CEF33BAF}.AppStore|iPhone.Deploy.0 = Release|Any CPU
		{7B6ED35A-7116-48AB-A7D3-96E3CEF33BAF}.AppStore|iPhoneSimulator.ActiveCfg = Release|Any CPU
		{7B6ED35A-7116-48AB-A7D3-96E3CEF33BAF}.AppStore|iPhoneSimulator.Build.0 = Release|Any CPU
		{7B6ED35A-7116-48AB-A7D3-96E3CEF33BAF}.AppStore|iPhoneSimulator.Deploy.0 = Release|Any CPU
		{7B6ED35A-7116-48AB-A7D3-96E3CEF33BAF}.AppStore|x64.ActiveCfg = Release|Any CPU
		{7B6ED35A-7116-48AB-A7D3-96E3CEF33BAF}.AppStore|x64.Build.0 = Release|Any CPU
		{7B6ED35A-7116-48AB-A7D3-96E3CEF33BAF}.AppStore|x64.Deploy.0 = Release|Any CPU
		{7B6ED35A-7116-48AB-A7D3-96E3CEF33BAF}.AppStore|x86.ActiveCfg = Release|Any CPU
		{7B6ED35A-7116-48AB-A7D3-96E3CEF33BAF}.AppStore|x86.Build.0 = Release|Any CPU
		{7B6ED35A-7116-48AB-A7D3-96E3CEF33BAF}.AppStore|x86.Deploy.0 = Release|Any CPU
		{7B6ED35A-7116-48AB-A7D3-96E3CEF33BAF}.Debug|Any CPU.ActiveCfg = Debug|Any CPU
		{7B6ED35A-7116-48AB-A7D3-96E3CEF33BAF}.Debug|Any CPU.Build.0 = Debug|Any CPU
		{7B6ED35A-7116-48AB-A7D3-96E3CEF33BAF}.Debug|Any CPU.Deploy.0 = Debug|Any CPU
		{7B6ED35A-7116-48AB-A7D3-96E3CEF33BAF}.Debug|ARM.ActiveCfg = Debug|Any CPU
		{7B6ED35A-7116-48AB-A7D3-96E3CEF33BAF}.Debug|ARM.Build.0 = Debug|Any CPU
		{7B6ED35A-7116-48AB-A7D3-96E3CEF33BAF}.Debug|ARM.Deploy.0 = Debug|Any CPU
		{7B6ED35A-7116-48AB-A7D3-96E3CEF33BAF}.Debug|iPhone.ActiveCfg = Debug|Any CPU
		{7B6ED35A-7116-48AB-A7D3-96E3CEF33BAF}.Debug|iPhone.Build.0 = Debug|Any CPU
		{7B6ED35A-7116-48AB-A7D3-96E3CEF33BAF}.Debug|iPhone.Deploy.0 = Debug|Any CPU
		{7B6ED35A-7116-48AB-A7D3-96E3CEF33BAF}.Debug|iPhoneSimulator.ActiveCfg = Debug|Any CPU
		{7B6ED35A-7116-48AB-A7D3-96E3CEF33BAF}.Debug|iPhoneSimulator.Build.0 = Debug|Any CPU
		{7B6ED35A-7116-48AB-A7D3-96E3CEF33BAF}.Debug|iPhoneSimulator.Deploy.0 = Debug|Any CPU
		{7B6ED35A-7116-48AB-A7D3-96E3CEF33BAF}.Debug|x64.ActiveCfg = Debug|Any CPU
		{7B6ED35A-7116-48AB-A7D3-96E3CEF33BAF}.Debug|x64.Build.0 = Debug|Any CPU
		{7B6ED35A-7116-48AB-A7D3-96E3CEF33BAF}.Debug|x64.Deploy.0 = Debug|Any CPU
		{7B6ED35A-7116-48AB-A7D3-96E3CEF33BAF}.Debug|x86.ActiveCfg = Debug|Any CPU
		{7B6ED35A-7116-48AB-A7D3-96E3CEF33BAF}.Debug|x86.Build.0 = Debug|Any CPU
		{7B6ED35A-7116-48AB-A7D3-96E3CEF33BAF}.Debug|x86.Deploy.0 = Debug|Any CPU
		{7B6ED35A-7116-48AB-A7D3-96E3CEF33BAF}.Release|Any CPU.ActiveCfg = Release|Any CPU
		{7B6ED35A-7116-48AB-A7D3-96E3CEF33BAF}.Release|Any CPU.Build.0 = Release|Any CPU
		{7B6ED35A-7116-48AB-A7D3-96E3CEF33BAF}.Release|Any CPU.Deploy.0 = Release|Any CPU
		{7B6ED35A-7116-48AB-A7D3-96E3CEF33BAF}.Release|ARM.ActiveCfg = Release|Any CPU
		{7B6ED35A-7116-48AB-A7D3-96E3CEF33BAF}.Release|ARM.Build.0 = Release|Any CPU
		{7B6ED35A-7116-48AB-A7D3-96E3CEF33BAF}.Release|ARM.Deploy.0 = Release|Any CPU
		{7B6ED35A-7116-48AB-A7D3-96E3CEF33BAF}.Release|iPhone.ActiveCfg = Release|Any CPU
		{7B6ED35A-7116-48AB-A7D3-96E3CEF33BAF}.Release|iPhone.Build.0 = Release|Any CPU
		{7B6ED35A-7116-48AB-A7D3-96E3CEF33BAF}.Release|iPhone.Deploy.0 = Release|Any CPU
		{7B6ED35A-7116-48AB-A7D3-96E3CEF33BAF}.Release|iPhoneSimulator.ActiveCfg = Release|Any CPU
		{7B6ED35A-7116-48AB-A7D3-96E3CEF33BAF}.Release|iPhoneSimulator.Build.0 = Release|Any CPU
		{7B6ED35A-7116-48AB-A7D3-96E3CEF33BAF}.Release|iPhoneSimulator.Deploy.0 = Release|Any CPU
		{7B6ED35A-7116-48AB-A7D3-96E3CEF33BAF}.Release|x64.ActiveCfg = Release|Any CPU
		{7B6ED35A-7116-48AB-A7D3-96E3CEF33BAF}.Release|x64.Build.0 = Release|Any CPU
		{7B6ED35A-7116-48AB-A7D3-96E3CEF33BAF}.Release|x64.Deploy.0 = Release|Any CPU
		{7B6ED35A-7116-48AB-A7D3-96E3CEF33BAF}.Release|x86.ActiveCfg = Release|Any CPU
		{7B6ED35A-7116-48AB-A7D3-96E3CEF33BAF}.Release|x86.Build.0 = Release|Any CPU
		{7B6ED35A-7116-48AB-A7D3-96E3CEF33BAF}.Release|x86.Deploy.0 = Release|Any CPU
		{D47A2E5E-EF67-4697-986B-AFC5C808AA73}.Ad-Hoc|Any CPU.ActiveCfg = Ad-Hoc|iPhone
		{D47A2E5E-EF67-4697-986B-AFC5C808AA73}.Ad-Hoc|ARM.ActiveCfg = Ad-Hoc|iPhone
		{D47A2E5E-EF67-4697-986B-AFC5C808AA73}.Ad-Hoc|iPhone.ActiveCfg = Ad-Hoc|iPhone
		{D47A2E5E-EF67-4697-986B-AFC5C808AA73}.Ad-Hoc|iPhone.Build.0 = Ad-Hoc|iPhone
		{D47A2E5E-EF67-4697-986B-AFC5C808AA73}.Ad-Hoc|iPhoneSimulator.ActiveCfg = Ad-Hoc|iPhoneSimulator
		{D47A2E5E-EF67-4697-986B-AFC5C808AA73}.Ad-Hoc|iPhoneSimulator.Build.0 = Ad-Hoc|iPhoneSimulator
		{D47A2E5E-EF67-4697-986B-AFC5C808AA73}.Ad-Hoc|x64.ActiveCfg = Ad-Hoc|iPhone
		{D47A2E5E-EF67-4697-986B-AFC5C808AA73}.Ad-Hoc|x86.ActiveCfg = Ad-Hoc|iPhone
		{D47A2E5E-EF67-4697-986B-AFC5C808AA73}.AppStore|Any CPU.ActiveCfg = AppStore|iPhone
		{D47A2E5E-EF67-4697-986B-AFC5C808AA73}.AppStore|ARM.ActiveCfg = AppStore|iPhone
		{D47A2E5E-EF67-4697-986B-AFC5C808AA73}.AppStore|iPhone.ActiveCfg = AppStore|iPhone
		{D47A2E5E-EF67-4697-986B-AFC5C808AA73}.AppStore|iPhone.Build.0 = AppStore|iPhone
		{D47A2E5E-EF67-4697-986B-AFC5C808AA73}.AppStore|iPhoneSimulator.ActiveCfg = AppStore|iPhoneSimulator
		{D47A2E5E-EF67-4697-986B-AFC5C808AA73}.AppStore|iPhoneSimulator.Build.0 = AppStore|iPhoneSimulator
		{D47A2E5E-EF67-4697-986B-AFC5C808AA73}.AppStore|x64.ActiveCfg = AppStore|iPhone
		{D47A2E5E-EF67-4697-986B-AFC5C808AA73}.AppStore|x86.ActiveCfg = AppStore|iPhone
		{D47A2E5E-EF67-4697-986B-AFC5C808AA73}.Debug|Any CPU.ActiveCfg = Debug|iPhone
		{D47A2E5E-EF67-4697-986B-AFC5C808AA73}.Debug|ARM.ActiveCfg = Debug|iPhone
		{D47A2E5E-EF67-4697-986B-AFC5C808AA73}.Debug|iPhone.ActiveCfg = Debug|iPhone
		{D47A2E5E-EF67-4697-986B-AFC5C808AA73}.Debug|iPhone.Build.0 = Debug|iPhone
		{D47A2E5E-EF67-4697-986B-AFC5C808AA73}.Debug|iPhoneSimulator.ActiveCfg = Debug|iPhoneSimulator
		{D47A2E5E-EF67-4697-986B-AFC5C808AA73}.Debug|iPhoneSimulator.Build.0 = Debug|iPhoneSimulator
		{D47A2E5E-EF67-4697-986B-AFC5C808AA73}.Debug|x64.ActiveCfg = Debug|iPhone
		{D47A2E5E-EF67-4697-986B-AFC5C808AA73}.Debug|x86.ActiveCfg = Debug|iPhone
		{D47A2E5E-EF67-4697-986B-AFC5C808AA73}.Release|Any CPU.ActiveCfg = Release|iPhone
		{D47A2E5E-EF67-4697-986B-AFC5C808AA73}.Release|ARM.ActiveCfg = Release|iPhone
		{D47A2E5E-EF67-4697-986B-AFC5C808AA73}.Release|iPhone.ActiveCfg = Release|iPhone
		{D47A2E5E-EF67-4697-986B-AFC5C808AA73}.Release|iPhone.Build.0 = Release|iPhone
		{D47A2E5E-EF67-4697-986B-AFC5C808AA73}.Release|iPhoneSimulator.ActiveCfg = Release|iPhoneSimulator
		{D47A2E5E-EF67-4697-986B-AFC5C808AA73}.Release|iPhoneSimulator.Build.0 = Release|iPhoneSimulator
		{D47A2E5E-EF67-4697-986B-AFC5C808AA73}.Release|x64.ActiveCfg = Release|iPhone
		{D47A2E5E-EF67-4697-986B-AFC5C808AA73}.Release|x86.ActiveCfg = Release|iPhone
	EndGlobalSection
	GlobalSection(SolutionProperties) = preSolution
		HideSolutionNode = FALSE
	EndGlobalSection
	GlobalSection(NestedProjects) = preSolution
		{7B6ED35A-7116-48AB-A7D3-96E3CEF33BAF} = {3970F019-A1D5-43E7-B883-32871E05D82A}
		{D47A2E5E-EF67-4697-986B-AFC5C808AA73} = {3970F019-A1D5-43E7-B883-32871E05D82A}
	EndGlobalSection
EndGlobal
